// !$*UTF8*$!
{
	archiveVersion = 1;
	classes = {
	};
	objectVersion = 56;
	objects = {

/* Begin PBXBuildFile section */
		8A508F632A07F38200EC6454 /* InspectionView.swift in Sources */ = {isa = PBXBuildFile; fileRef = 8A508F622A07F38200EC6454 /* InspectionView.swift */; };
		8A508F672A08A3AD00EC6454 /* PlannedInspectionsModel.swift in Sources */ = {isa = PBXBuildFile; fileRef = 8A508F662A08A3AD00EC6454 /* PlannedInspectionsModel.swift */; };
		8A508F692A08CACF00EC6454 /* PlannedInspection+Converter.swift in Sources */ = {isa = PBXBuildFile; fileRef = 8A508F682A08CACF00EC6454 /* PlannedInspection+Converter.swift */; };
		8A78559429F768A100D7E8AD /* Planned_inspectionsApp.swift in Sources */ = {isa = PBXBuildFile; fileRef = 8A78559329F768A100D7E8AD /* Planned_inspectionsApp.swift */; };
		8A78559629F768A100D7E8AD /* ContentView.swift in Sources */ = {isa = PBXBuildFile; fileRef = 8A78559529F768A100D7E8AD /* ContentView.swift */; };
		8A78559829F768A200D7E8AD /* Assets.xcassets in Resources */ = {isa = PBXBuildFile; fileRef = 8A78559729F768A200D7E8AD /* Assets.xcassets */; };
		8A78559B29F768A200D7E8AD /* Preview Assets.xcassets in Resources */ = {isa = PBXBuildFile; fileRef = 8A78559A29F768A200D7E8AD /* Preview Assets.xcassets */; };
		8A7855A529F768A300D7E8AD /* Planned_inspectionsTests.swift in Sources */ = {isa = PBXBuildFile; fileRef = 8A7855A429F768A300D7E8AD /* Planned_inspectionsTests.swift */; };
		8A7855C529F7AA3600D7E8AD /* PlannedInspetionsViewModel.swift in Sources */ = {isa = PBXBuildFile; fileRef = 8A7855C429F7AA3600D7E8AD /* PlannedInspetionsViewModel.swift */; };
		8A7855C829F7C1F100D7E8AD /* PlannedInspetion.swift in Sources */ = {isa = PBXBuildFile; fileRef = 8A7855C729F7C1F100D7E8AD /* PlannedInspetion.swift */; };
		8A7855CC29F7D55E00D7E8AD /* NetworkService.swift in Sources */ = {isa = PBXBuildFile; fileRef = 8A7855CB29F7D55E00D7E8AD /* NetworkService.swift */; };
		8A7855D629FB923A00D7E8AD /* DatePickerCellView.swift in Sources */ = {isa = PBXBuildFile; fileRef = 8A7855D529FB923A00D7E8AD /* DatePickerCellView.swift */; };
		8A7855D829FB926100D7E8AD /* ScrollDatePickerView.swift in Sources */ = {isa = PBXBuildFile; fileRef = 8A7855D729FB926100D7E8AD /* ScrollDatePickerView.swift */; };
		8A7855DB29FB957200D7E8AD /* PlannedInspectionsRepository.swift in Sources */ = {isa = PBXBuildFile; fileRef = 8A7855DA29FB957200D7E8AD /* PlannedInspectionsRepository.swift */; };
		8AD78BF72A0B631000E225D4 /* PlannedInspetionsViewModelTests.swift in Sources */ = {isa = PBXBuildFile; fileRef = 8AD78BF62A0B631000E225D4 /* PlannedInspetionsViewModelTests.swift */; };
		8AD78BFB2A0B7A0300E225D4 /* MockPlannedInspectionsRepository.swift in Sources */ = {isa = PBXBuildFile; fileRef = 8AD78BF82A0B67B700E225D4 /* MockPlannedInspectionsRepository.swift */; };
/* End PBXBuildFile section */

/* Begin PBXContainerItemProxy section */
		8A7855A129F768A300D7E8AD /* PBXContainerItemProxy */ = {
			isa = PBXContainerItemProxy;
			containerPortal = 8A78558829F768A100D7E8AD /* Project object */;
			proxyType = 1;
			remoteGlobalIDString = 8A78558F29F768A100D7E8AD;
			remoteInfo = "Planned-inspections";
		};
/* End PBXContainerItemProxy section */

/* Begin PBXFileReference section */
		8A508F622A07F38200EC6454 /* InspectionView.swift */ = {isa = PBXFileReference; lastKnownFileType = sourcecode.swift; path = InspectionView.swift; sourceTree = "<group>"; };
		8A508F662A08A3AD00EC6454 /* PlannedInspectionsModel.swift */ = {isa = PBXFileReference; lastKnownFileType = sourcecode.swift; path = PlannedInspectionsModel.swift; sourceTree = "<group>"; };
		8A508F682A08CACF00EC6454 /* PlannedInspection+Converter.swift */ = {isa = PBXFileReference; lastKnownFileType = sourcecode.swift; path = "PlannedInspection+Converter.swift"; sourceTree = "<group>"; };
		8A78559029F768A100D7E8AD /* Planned-inspections.app */ = {isa = PBXFileReference; explicitFileType = wrapper.application; includeInIndex = 0; path = "Planned-inspections.app"; sourceTree = BUILT_PRODUCTS_DIR; };
		8A78559329F768A100D7E8AD /* Planned_inspectionsApp.swift */ = {isa = PBXFileReference; lastKnownFileType = sourcecode.swift; path = Planned_inspectionsApp.swift; sourceTree = "<group>"; };
		8A78559529F768A100D7E8AD /* ContentView.swift */ = {isa = PBXFileReference; lastKnownFileType = sourcecode.swift; path = ContentView.swift; sourceTree = "<group>"; };
		8A78559729F768A200D7E8AD /* Assets.xcassets */ = {isa = PBXFileReference; lastKnownFileType = folder.assetcatalog; path = Assets.xcassets; sourceTree = "<group>"; };
		8A78559A29F768A200D7E8AD /* Preview Assets.xcassets */ = {isa = PBXFileReference; lastKnownFileType = folder.assetcatalog; path = "Preview Assets.xcassets"; sourceTree = "<group>"; };
		8A7855A029F768A300D7E8AD /* Planned-inspectionsTests.xctest */ = {isa = PBXFileReference; explicitFileType = wrapper.cfbundle; includeInIndex = 0; path = "Planned-inspectionsTests.xctest"; sourceTree = BUILT_PRODUCTS_DIR; };
		8A7855A429F768A300D7E8AD /* Planned_inspectionsTests.swift */ = {isa = PBXFileReference; lastKnownFileType = sourcecode.swift; path = Planned_inspectionsTests.swift; sourceTree = "<group>"; };
		8A7855C429F7AA3600D7E8AD /* PlannedInspetionsViewModel.swift */ = {isa = PBXFileReference; lastKnownFileType = sourcecode.swift; path = PlannedInspetionsViewModel.swift; sourceTree = "<group>"; };
		8A7855C729F7C1F100D7E8AD /* PlannedInspetion.swift */ = {isa = PBXFileReference; lastKnownFileType = sourcecode.swift; path = PlannedInspetion.swift; sourceTree = "<group>"; };
		8A7855CB29F7D55E00D7E8AD /* NetworkService.swift */ = {isa = PBXFileReference; lastKnownFileType = sourcecode.swift; path = NetworkService.swift; sourceTree = "<group>"; };
		8A7855D529FB923A00D7E8AD /* DatePickerCellView.swift */ = {isa = PBXFileReference; lastKnownFileType = sourcecode.swift; path = DatePickerCellView.swift; sourceTree = "<group>"; };
		8A7855D729FB926100D7E8AD /* ScrollDatePickerView.swift */ = {isa = PBXFileReference; lastKnownFileType = sourcecode.swift; path = ScrollDatePickerView.swift; sourceTree = "<group>"; };
		8A7855DA29FB957200D7E8AD /* PlannedInspectionsRepository.swift */ = {isa = PBXFileReference; lastKnownFileType = sourcecode.swift; path = PlannedInspectionsRepository.swift; sourceTree = "<group>"; };
		8AD78BF62A0B631000E225D4 /* PlannedInspetionsViewModelTests.swift */ = {isa = PBXFileReference; lastKnownFileType = sourcecode.swift; path = PlannedInspetionsViewModelTests.swift; sourceTree = "<group>"; };
		8AD78BF82A0B67B700E225D4 /* MockPlannedInspectionsRepository.swift */ = {isa = PBXFileReference; lastKnownFileType = sourcecode.swift; path = MockPlannedInspectionsRepository.swift; sourceTree = "<group>"; };
/* End PBXFileReference section */

/* Begin PBXFrameworksBuildPhase section */
		8A78558D29F768A100D7E8AD /* Frameworks */ = {
			isa = PBXFrameworksBuildPhase;
			buildActionMask = 2147483647;
			files = (
			);
			runOnlyForDeploymentPostprocessing = 0;
		};
		8A78559D29F768A300D7E8AD /* Frameworks */ = {
			isa = PBXFrameworksBuildPhase;
			buildActionMask = 2147483647;
			files = (
			);
			runOnlyForDeploymentPostprocessing = 0;
		};
/* End PBXFrameworksBuildPhase section */

/* Begin PBXGroup section */
		8A508F642A089F8900EC6454 /* Model */ = {
			isa = PBXGroup;
			children = (
				8A508F662A08A3AD00EC6454 /* PlannedInspectionsModel.swift */,
			);
			path = Model;
			sourceTree = "<group>";
		};
		8A508F652A089F9600EC6454 /* Data */ = {
			isa = PBXGroup;
			children = (
				8A7855CA29F7D4CA00D7E8AD /* Service */,
				8A7855C129F79F3800D7E8AD /* Model */,
			);
			path = Data;
			sourceTree = "<group>";
		};
		8A78558729F768A100D7E8AD = {
			isa = PBXGroup;
			children = (
				8A78559229F768A100D7E8AD /* Planned-inspections */,
				8A7855A329F768A300D7E8AD /* Planned-inspectionsTests */,
				8A78559129F768A100D7E8AD /* Products */,
			);
			sourceTree = "<group>";
		};
		8A78559129F768A100D7E8AD /* Products */ = {
			isa = PBXGroup;
			children = (
				8A78559029F768A100D7E8AD /* Planned-inspections.app */,
				8A7855A029F768A300D7E8AD /* Planned-inspectionsTests.xctest */,
			);
			name = Products;
			sourceTree = "<group>";
		};
		8A78559229F768A100D7E8AD /* Planned-inspections */ = {
			isa = PBXGroup;
			children = (
				8A508F652A089F9600EC6454 /* Data */,
				8A7855D929FB954E00D7E8AD /* Domain */,
				8A7855BF29F79EF800D7E8AD /* View */,
				8A78559729F768A200D7E8AD /* Assets.xcassets */,
				8A78559929F768A200D7E8AD /* Preview Content */,
			);
			path = "Planned-inspections";
			sourceTree = "<group>";
		};
		8A78559929F768A200D7E8AD /* Preview Content */ = {
			isa = PBXGroup;
			children = (
				8A78559A29F768A200D7E8AD /* Preview Assets.xcassets */,
			);
			path = "Preview Content";
			sourceTree = "<group>";
		};
		8A7855A329F768A300D7E8AD /* Planned-inspectionsTests */ = {
			isa = PBXGroup;
			children = (
				8A7855A429F768A300D7E8AD /* Planned_inspectionsTests.swift */,
				8AD78BF62A0B631000E225D4 /* PlannedInspetionsViewModelTests.swift */,
				8AD78BF82A0B67B700E225D4 /* MockPlannedInspectionsRepository.swift */,
			);
			path = "Planned-inspectionsTests";
			sourceTree = "<group>";
		};
		8A7855BF29F79EF800D7E8AD /* View */ = {
			isa = PBXGroup;
			children = (
				8A7855C029F79F1100D7E8AD /* ViewModel */,
				8A7855D429FB91B300D7E8AD /* ScrollDatePicker */,
				8A78559529F768A100D7E8AD /* ContentView.swift */,
				8A508F622A07F38200EC6454 /* InspectionView.swift */,
				8A78559329F768A100D7E8AD /* Planned_inspectionsApp.swift */,
			);
			name = View;
			sourceTree = "<group>";
		};
		8A7855C029F79F1100D7E8AD /* ViewModel */ = {
			isa = PBXGroup;
			children = (
				8A7855C429F7AA3600D7E8AD /* PlannedInspetionsViewModel.swift */,
			);
			path = ViewModel;
			sourceTree = "<group>";
		};
		8A7855C129F79F3800D7E8AD /* Model */ = {
			isa = PBXGroup;
			children = (
				8A7855C729F7C1F100D7E8AD /* PlannedInspetion.swift */,
			);
			path = Model;
			sourceTree = "<group>";
		};
		8A7855CA29F7D4CA00D7E8AD /* Service */ = {
			isa = PBXGroup;
			children = (
				8A7855CB29F7D55E00D7E8AD /* NetworkService.swift */,
			);
			path = Service;
			sourceTree = "<group>";
		};
		8A7855D429FB91B300D7E8AD /* ScrollDatePicker */ = {
			isa = PBXGroup;
			children = (
				8A7855D529FB923A00D7E8AD /* DatePickerCellView.swift */,
				8A7855D729FB926100D7E8AD /* ScrollDatePickerView.swift */,
			);
			name = ScrollDatePicker;
			sourceTree = "<group>";
		};
		8A7855D929FB954E00D7E8AD /* Domain */ = {
			isa = PBXGroup;
			children = (
				8A508F642A089F8900EC6454 /* Model */,
				8A7855DA29FB957200D7E8AD /* PlannedInspectionsRepository.swift */,
				8A508F682A08CACF00EC6454 /* PlannedInspection+Converter.swift */,
			);
			path = Domain;
			sourceTree = "<group>";
		};
/* End PBXGroup section */

/* Begin PBXNativeTarget section */
		8A78558F29F768A100D7E8AD /* Planned-inspections */ = {
			isa = PBXNativeTarget;
			buildConfigurationList = 8A7855B429F768A300D7E8AD /* Build configuration list for PBXNativeTarget "Planned-inspections" */;
			buildPhases = (
				8A78558C29F768A100D7E8AD /* Sources */,
				8A78558D29F768A100D7E8AD /* Frameworks */,
				8A78558E29F768A100D7E8AD /* Resources */,
			);
			buildRules = (
			);
			dependencies = (
			);
			name = "Planned-inspections";
			productName = "Planned-inspections";
			productReference = 8A78559029F768A100D7E8AD /* Planned-inspections.app */;
			productType = "com.apple.product-type.application";
		};
		8A78559F29F768A300D7E8AD /* Planned-inspectionsTests */ = {
			isa = PBXNativeTarget;
			buildConfigurationList = 8A7855B729F768A300D7E8AD /* Build configuration list for PBXNativeTarget "Planned-inspectionsTests" */;
			buildPhases = (
				8A78559C29F768A300D7E8AD /* Sources */,
				8A78559D29F768A300D7E8AD /* Frameworks */,
				8A78559E29F768A300D7E8AD /* Resources */,
			);
			buildRules = (
			);
			dependencies = (
				8A7855A229F768A300D7E8AD /* PBXTargetDependency */,
			);
			name = "Planned-inspectionsTests";
			productName = "Planned-inspectionsTests";
			productReference = 8A7855A029F768A300D7E8AD /* Planned-inspectionsTests.xctest */;
			productType = "com.apple.product-type.bundle.unit-test";
		};
/* End PBXNativeTarget section */

/* Begin PBXProject section */
		8A78558829F768A100D7E8AD /* Project object */ = {
			isa = PBXProject;
			attributes = {
				BuildIndependentTargetsInParallel = 1;
				LastSwiftUpdateCheck = 1420;
				LastUpgradeCheck = 1420;
				TargetAttributes = {
					8A78558F29F768A100D7E8AD = {
						CreatedOnToolsVersion = 14.2;
					};
					8A78559F29F768A300D7E8AD = {
						CreatedOnToolsVersion = 14.2;
						TestTargetID = 8A78558F29F768A100D7E8AD;
					};
				};
			};
			buildConfigurationList = 8A78558B29F768A100D7E8AD /* Build configuration list for PBXProject "Planned-inspections" */;
			compatibilityVersion = "Xcode 14.0";
			developmentRegion = en;
			hasScannedForEncodings = 0;
			knownRegions = (
				en,
				Base,
			);
			mainGroup = 8A78558729F768A100D7E8AD;
			productRefGroup = 8A78559129F768A100D7E8AD /* Products */;
			projectDirPath = "";
			projectRoot = "";
			targets = (
				8A78558F29F768A100D7E8AD /* Planned-inspections */,
				8A78559F29F768A300D7E8AD /* Planned-inspectionsTests */,
			);
		};
/* End PBXProject section */

/* Begin PBXResourcesBuildPhase section */
		8A78558E29F768A100D7E8AD /* Resources */ = {
			isa = PBXResourcesBuildPhase;
			buildActionMask = 2147483647;
			files = (
				8A78559B29F768A200D7E8AD /* Preview Assets.xcassets in Resources */,
				8A78559829F768A200D7E8AD /* Assets.xcassets in Resources */,
			);
			runOnlyForDeploymentPostprocessing = 0;
		};
		8A78559E29F768A300D7E8AD /* Resources */ = {
			isa = PBXResourcesBuildPhase;
			buildActionMask = 2147483647;
			files = (
			);
			runOnlyForDeploymentPostprocessing = 0;
		};
/* End PBXResourcesBuildPhase section */

/* Begin PBXSourcesBuildPhase section */
		8A78558C29F768A100D7E8AD /* Sources */ = {
			isa = PBXSourcesBuildPhase;
			buildActionMask = 2147483647;
			files = (
				8A508F632A07F38200EC6454 /* InspectionView.swift in Sources */,
				8A7855D829FB926100D7E8AD /* ScrollDatePickerView.swift in Sources */,
				8A7855D629FB923A00D7E8AD /* DatePickerCellView.swift in Sources */,
				8A7855CC29F7D55E00D7E8AD /* NetworkService.swift in Sources */,
				8A7855DB29FB957200D7E8AD /* PlannedInspectionsRepository.swift in Sources */,
				8A7855C829F7C1F100D7E8AD /* PlannedInspetion.swift in Sources */,
				8A78559629F768A100D7E8AD /* ContentView.swift in Sources */,
				8A7855C529F7AA3600D7E8AD /* PlannedInspetionsViewModel.swift in Sources */,
				8A508F672A08A3AD00EC6454 /* PlannedInspectionsModel.swift in Sources */,
				8A78559429F768A100D7E8AD /* Planned_inspectionsApp.swift in Sources */,
				8A508F692A08CACF00EC6454 /* PlannedInspection+Converter.swift in Sources */,
			);
			runOnlyForDeploymentPostprocessing = 0;
		};
		8A78559C29F768A300D7E8AD /* Sources */ = {
			isa = PBXSourcesBuildPhase;
			buildActionMask = 2147483647;
			files = (
				8A7855A529F768A300D7E8AD /* Planned_inspectionsTests.swift in Sources */,
				8AD78BFB2A0B7A0300E225D4 /* MockPlannedInspectionsRepository.swift in Sources */,
				8AD78BF72A0B631000E225D4 /* PlannedInspetionsViewModelTests.swift in Sources */,
			);
			runOnlyForDeploymentPostprocessing = 0;
		};
/* End PBXSourcesBuildPhase section */

/* Begin PBXTargetDependency section */
		8A7855A229F768A300D7E8AD /* PBXTargetDependency */ = {
			isa = PBXTargetDependency;
			target = 8A78558F29F768A100D7E8AD /* Planned-inspections */;
			targetProxy = 8A7855A129F768A300D7E8AD /* PBXContainerItemProxy */;
		};
/* End PBXTargetDependency section */

/* Begin XCBuildConfiguration section */
		8A7855B229F768A300D7E8AD /* Debug */ = {
			isa = XCBuildConfiguration;
			buildSettings = {
				ALWAYS_SEARCH_USER_PATHS = NO;
				CLANG_ANALYZER_NONNULL = YES;
				CLANG_ANALYZER_NUMBER_OBJECT_CONVERSION = YES_AGGRESSIVE;
				CLANG_CXX_LANGUAGE_STANDARD = "gnu++20";
				CLANG_ENABLE_MODULES = YES;
				CLANG_ENABLE_OBJC_ARC = YES;
				CLANG_ENABLE_OBJC_WEAK = YES;
				CLANG_WARN_BLOCK_CAPTURE_AUTORELEASING = YES;
				CLANG_WARN_BOOL_CONVERSION = YES;
				CLANG_WARN_COMMA = YES;
				CLANG_WARN_CONSTANT_CONVERSION = YES;
				CLANG_WARN_DEPRECATED_OBJC_IMPLEMENTATIONS = YES;
				CLANG_WARN_DIRECT_OBJC_ISA_USAGE = YES_ERROR;
				CLANG_WARN_DOCUMENTATION_COMMENTS = YES;
				CLANG_WARN_EMPTY_BODY = YES;
				CLANG_WARN_ENUM_CONVERSION = YES;
				CLANG_WARN_INFINITE_RECURSION = YES;
				CLANG_WARN_INT_CONVERSION = YES;
				CLANG_WARN_NON_LITERAL_NULL_CONVERSION = YES;
				CLANG_WARN_OBJC_IMPLICIT_RETAIN_SELF = YES;
				CLANG_WARN_OBJC_LITERAL_CONVERSION = YES;
				CLANG_WARN_OBJC_ROOT_CLASS = YES_ERROR;
				CLANG_WARN_QUOTED_INCLUDE_IN_FRAMEWORK_HEADER = YES;
				CLANG_WARN_RANGE_LOOP_ANALYSIS = YES;
				CLANG_WARN_STRICT_PROTOTYPES = YES;
				CLANG_WARN_SUSPICIOUS_MOVE = YES;
				CLANG_WARN_UNGUARDED_AVAILABILITY = YES_AGGRESSIVE;
				CLANG_WARN_UNREACHABLE_CODE = YES;
				CLANG_WARN__DUPLICATE_METHOD_MATCH = YES;
				COPY_PHASE_STRIP = NO;
				DEBUG_INFORMATION_FORMAT = dwarf;
				ENABLE_STRICT_OBJC_MSGSEND = YES;
				ENABLE_TESTABILITY = YES;
				GCC_C_LANGUAGE_STANDARD = gnu11;
				GCC_DYNAMIC_NO_PIC = NO;
				GCC_NO_COMMON_BLOCKS = YES;
				GCC_OPTIMIZATION_LEVEL = 0;
				GCC_PREPROCESSOR_DEFINITIONS = (
					"DEBUG=1",
					"$(inherited)",
				);
				GCC_WARN_64_TO_32_BIT_CONVERSION = YES;
				GCC_WARN_ABOUT_RETURN_TYPE = YES_ERROR;
				GCC_WARN_UNDECLARED_SELECTOR = YES;
				GCC_WARN_UNINITIALIZED_AUTOS = YES_AGGRESSIVE;
				GCC_WARN_UNUSED_FUNCTION = YES;
				GCC_WARN_UNUSED_VARIABLE = YES;
				IPHONEOS_DEPLOYMENT_TARGET = 16.2;
				MTL_ENABLE_DEBUG_INFO = INCLUDE_SOURCE;
				MTL_FAST_MATH = YES;
				ONLY_ACTIVE_ARCH = YES;
				SDKROOT = iphoneos;
				SWIFT_ACTIVE_COMPILATION_CONDITIONS = DEBUG;
				SWIFT_OPTIMIZATION_LEVEL = "-Onone";
			};
			name = Debug;
		};
		8A7855B329F768A300D7E8AD /* Release */ = {
			isa = XCBuildConfiguration;
			buildSettings = {
				ALWAYS_SEARCH_USER_PATHS = NO;
				CLANG_ANALYZER_NONNULL = YES;
				CLANG_ANALYZER_NUMBER_OBJECT_CONVERSION = YES_AGGRESSIVE;
				CLANG_CXX_LANGUAGE_STANDARD = "gnu++20";
				CLANG_ENABLE_MODULES = YES;
				CLANG_ENABLE_OBJC_ARC = YES;
				CLANG_ENABLE_OBJC_WEAK = YES;
				CLANG_WARN_BLOCK_CAPTURE_AUTORELEASING = YES;
				CLANG_WARN_BOOL_CONVERSION = YES;
				CLANG_WARN_COMMA = YES;
				CLANG_WARN_CONSTANT_CONVERSION = YES;
				CLANG_WARN_DEPRECATED_OBJC_IMPLEMENTATIONS = YES;
				CLANG_WARN_DIRECT_OBJC_ISA_USAGE = YES_ERROR;
				CLANG_WARN_DOCUMENTATION_COMMENTS = YES;
				CLANG_WARN_EMPTY_BODY = YES;
				CLANG_WARN_ENUM_CONVERSION = YES;
				CLANG_WARN_INFINITE_RECURSION = YES;
				CLANG_WARN_INT_CONVERSION = YES;
				CLANG_WARN_NON_LITERAL_NULL_CONVERSION = YES;
				CLANG_WARN_OBJC_IMPLICIT_RETAIN_SELF = YES;
				CLANG_WARN_OBJC_LITERAL_CONVERSION = YES;
				CLANG_WARN_OBJC_ROOT_CLASS = YES_ERROR;
				CLANG_WARN_QUOTED_INCLUDE_IN_FRAMEWORK_HEADER = YES;
				CLANG_WARN_RANGE_LOOP_ANALYSIS = YES;
				CLANG_WARN_STRICT_PROTOTYPES = YES;
				CLANG_WARN_SUSPICIOUS_MOVE = YES;
				CLANG_WARN_UNGUARDED_AVAILABILITY = YES_AGGRESSIVE;
				CLANG_WARN_UNREACHABLE_CODE = YES;
				CLANG_WARN__DUPLICATE_METHOD_MATCH = YES;
				COPY_PHASE_STRIP = NO;
				DEBUG_INFORMATION_FORMAT = "dwarf-with-dsym";
				ENABLE_NS_ASSERTIONS = NO;
				ENABLE_STRICT_OBJC_MSGSEND = YES;
				GCC_C_LANGUAGE_STANDARD = gnu11;
				GCC_NO_COMMON_BLOCKS = YES;
				GCC_WARN_64_TO_32_BIT_CONVERSION = YES;
				GCC_WARN_ABOUT_RETURN_TYPE = YES_ERROR;
				GCC_WARN_UNDECLARED_SELECTOR = YES;
				GCC_WARN_UNINITIALIZED_AUTOS = YES_AGGRESSIVE;
				GCC_WARN_UNUSED_FUNCTION = YES;
				GCC_WARN_UNUSED_VARIABLE = YES;
				IPHONEOS_DEPLOYMENT_TARGET = 16.2;
				MTL_ENABLE_DEBUG_INFO = NO;
				MTL_FAST_MATH = YES;
				SDKROOT = iphoneos;
				SWIFT_COMPILATION_MODE = wholemodule;
				SWIFT_OPTIMIZATION_LEVEL = "-O";
				VALIDATE_PRODUCT = YES;
			};
			name = Release;
		};
		8A7855B529F768A300D7E8AD /* Debug */ = {
			isa = XCBuildConfiguration;
			buildSettings = {
				ASSETCATALOG_COMPILER_APPICON_NAME = AppIcon;
				ASSETCATALOG_COMPILER_GLOBAL_ACCENT_COLOR_NAME = AccentColor;
				CODE_SIGN_STYLE = Automatic;
				CURRENT_PROJECT_VERSION = 1;
				DEVELOPMENT_ASSET_PATHS = "\"Planned-inspections/Preview Content\"";
				ENABLE_PREVIEWS = YES;
				GENERATE_INFOPLIST_FILE = YES;
				INFOPLIST_KEY_UIApplicationSceneManifest_Generation = YES;
				INFOPLIST_KEY_UIApplicationSupportsIndirectInputEvents = YES;
				INFOPLIST_KEY_UILaunchScreen_Generation = YES;
				INFOPLIST_KEY_UISupportedInterfaceOrientations_iPad = "UIInterfaceOrientationPortrait UIInterfaceOrientationPortraitUpsideDown UIInterfaceOrientationLandscapeLeft UIInterfaceOrientationLandscapeRight";
				INFOPLIST_KEY_UISupportedInterfaceOrientations_iPhone = "UIInterfaceOrientationPortrait UIInterfaceOrientationLandscapeLeft UIInterfaceOrientationLandscapeRight";
				LD_RUNPATH_SEARCH_PATHS = (
					"$(inherited)",
					"@executable_path/Frameworks",
				);
				MARKETING_VERSION = 1.0;
				PRODUCT_BUNDLE_IDENTIFIER = "com.thoughtworks.Planned-inspections";
				PRODUCT_NAME = "$(TARGET_NAME)";
				SWIFT_EMIT_LOC_STRINGS = YES;
				SWIFT_VERSION = 5.0;
				TARGETED_DEVICE_FAMILY = "1,2";
			};
			name = Debug;
		};
		8A7855B629F768A300D7E8AD /* Release */ = {
			isa = XCBuildConfiguration;
			buildSettings = {
				ASSETCATALOG_COMPILER_APPICON_NAME = AppIcon;
				ASSETCATALOG_COMPILER_GLOBAL_ACCENT_COLOR_NAME = AccentColor;
				CODE_SIGN_STYLE = Automatic;
				CURRENT_PROJECT_VERSION = 1;
				DEVELOPMENT_ASSET_PATHS = "\"Planned-inspections/Preview Content\"";
				ENABLE_PREVIEWS = YES;
				GENERATE_INFOPLIST_FILE = YES;
				INFOPLIST_KEY_UIApplicationSceneManifest_Generation = YES;
				INFOPLIST_KEY_UIApplicationSupportsIndirectInputEvents = YES;
				INFOPLIST_KEY_UILaunchScreen_Generation = YES;
				INFOPLIST_KEY_UISupportedInterfaceOrientations_iPad = "UIInterfaceOrientationPortrait UIInterfaceOrientationPortraitUpsideDown UIInterfaceOrientationLandscapeLeft UIInterfaceOrientationLandscapeRight";
				INFOPLIST_KEY_UISupportedInterfaceOrientations_iPhone = "UIInterfaceOrientationPortrait UIInterfaceOrientationLandscapeLeft UIInterfaceOrientationLandscapeRight";
				LD_RUNPATH_SEARCH_PATHS = (
					"$(inherited)",
					"@executable_path/Frameworks",
				);
				MARKETING_VERSION = 1.0;
				PRODUCT_BUNDLE_IDENTIFIER = "com.thoughtworks.Planned-inspections";
				PRODUCT_NAME = "$(TARGET_NAME)";
				SWIFT_EMIT_LOC_STRINGS = YES;
				SWIFT_VERSION = 5.0;
				TARGETED_DEVICE_FAMILY = "1,2";
			};
			name = Release;
		};
		8A7855B829F768A300D7E8AD /* Debug */ = {
			isa = XCBuildConfiguration;
			buildSettings = {
				ALWAYS_EMBED_SWIFT_STANDARD_LIBRARIES = YES;
				BUNDLE_LOADER = "$(TEST_HOST)";
				CODE_SIGN_STYLE = Automatic;
				CURRENT_PROJECT_VERSION = 1;
				GENERATE_INFOPLIST_FILE = YES;
				IPHONEOS_DEPLOYMENT_TARGET = 16.2;
				MARKETING_VERSION = 1.0;
				PRODUCT_BUNDLE_IDENTIFIER = "com.thoughtworks.Planned-inspectionsTests";
				PRODUCT_NAME = "$(TARGET_NAME)";
				SWIFT_EMIT_LOC_STRINGS = NO;
				SWIFT_VERSION = 5.0;
				TARGETED_DEVICE_FAMILY = "1,2";
				TEST_HOST = "$(BUILT_PRODUCTS_DIR)/Planned-inspections.app/$(BUNDLE_EXECUTABLE_FOLDER_PATH)/Planned-inspections";
			};
			name = Debug;
		};
		8A7855B929F768A300D7E8AD /* Release */ = {
			isa = XCBuildConfiguration;
			buildSettings = {
				ALWAYS_EMBED_SWIFT_STANDARD_LIBRARIES = YES;
				BUNDLE_LOADER = "$(TEST_HOST)";
				CODE_SIGN_STYLE = Automatic;
				CURRENT_PROJECT_VERSION = 1;
				"EXCLUDED_SOURCE_FILE_NAMES[arch=*]" = "*View.swift";
				GENERATE_INFOPLIST_FILE = YES;
				IPHONEOS_DEPLOYMENT_TARGET = 16.2;
				MARKETING_VERSION = 1.0;
				PRODUCT_BUNDLE_IDENTIFIER = "com.thoughtworks.Planned-inspectionsTests";
				PRODUCT_NAME = "$(TARGET_NAME)";
				SWIFT_EMIT_LOC_STRINGS = NO;
				SWIFT_VERSION = 5.0;
				TARGETED_DEVICE_FAMILY = "1,2";
				TEST_HOST = "$(BUILT_PRODUCTS_DIR)/Planned-inspections.app/$(BUNDLE_EXECUTABLE_FOLDER_PATH)/Planned-inspections";
			};
			name = Release;
		};
/* End XCBuildConfiguration section */

/* Begin XCConfigurationList section */
		8A78558B29F768A100D7E8AD /* Build configuration list for PBXProject "Planned-inspections" */ = {
			isa = XCConfigurationList;
			buildConfigurations = (
				8A7855B229F768A300D7E8AD /* Debug */,
				8A7855B329F768A300D7E8AD /* Release */,
			);
			defaultConfigurationIsVisible = 0;
			defaultConfigurationName = Release;
		};
		8A7855B429F768A300D7E8AD /* Build configuration list for PBXNativeTarget "Planned-inspections" */ = {
			isa = XCConfigurationList;
			buildConfigurations = (
				8A7855B529F768A300D7E8AD /* Debug */,
				8A7855B629F768A300D7E8AD /* Release */,
			);
			defaultConfigurationIsVisible = 0;
			defaultConfigurationName = Release;
		};
		8A7855B729F768A300D7E8AD /* Build configuration list for PBXNativeTarget "Planned-inspectionsTests" */ = {
			isa = XCConfigurationList;
			buildConfigurations = (
				8A7855B829F768A300D7E8AD /* Debug */,
				8A7855B929F768A300D7E8AD /* Release */,
			);
			defaultConfigurationIsVisible = 0;
			defaultConfigurationName = Release;
		};
/* End XCConfigurationList section */
	};
	rootObject = 8A78558829F768A100D7E8AD /* Project object */;
}
